
Microsoft Visual Studio Solution File, Format Version 12.00
# Visual Studio 2013
VisualStudioVersion = 12.0.21005.1
MinimumVisualStudioVersion = 10.0.40219.1
Project("{D2ABAB84-BF74-430A-B69E-9DC6D40DDA17}") = "BI_FINANCIERO_GASTOS", "BI_FINANCIERO_GASTOS\BI_FINANCIERO_GASTOS.dwproj", "{F6380BD9-F37B-49CE-8211-2256EA55045D}"
EndProject
Global
	GlobalSection(SolutionConfigurationPlatforms) = preSolution
		Development|Default = Development|Default
	EndGlobalSection
	GlobalSection(ProjectConfigurationPlatforms) = postSolution
		{F6380BD9-F37B-49CE-8211-2256EA55045D}.Development|Default.ActiveCfg = Development
		{F6380BD9-F37B-49CE-8211-2256EA55045D}.Development|Default.Build.0 = Development
		{F6380BD9-F37B-49CE-8211-2256EA55045D}.Development|Default.Deploy.0 = Development
	EndGlobalSection
	GlobalSection(SolutionProperties) = preSolution
		HideSolutionNode = FALSE
	EndGlobalSection
EndGlobal
